project_vertical_lock:
  schema_version: 1
  vertical_id: software_project
  name: Software Project
  version: 2.0.0
  pack_schema_version: 2
  source:
    type: internal
    resolved_from: p2p_engine.resources.verticals/software_project
    path: /home/davide/dati/60_lavoro/064_wavek/wavekit_20260719/p2p-engine/src/p2p_engine/resources/verticals/software_project/manifest.yml
    package: p2p_engine
  checksum:
    algorithm: sha256
    value: 15343e360996a1166fd32570d94d2e2c984076e5ad5f61f7af84355df3ee9e13
  compatibility: {}
  selected:
    at: '2026-08-04'
    by: owner
  trust:
    signed: false
  coordinate: binarya/software_project@2.0.0
  dependencies:
  - coordinate: binarya/base_project@2.0.0
    checksum: sha256:d53a537905b980ec40ae3df3be1c6e7a79a7ff6d98a6f09e91d79b2a582b5c88
