project_vertical_lock:
  schema_version: 1
  vertical_id: software_project
  name: Software Project
  version: 2.0.0
  pack_schema_version: 3
  source:
    type: internal
    resolved_from: p2p_engine.resources.verticals/software_project
    path: ''
    package: p2p_engine
  checksum:
    algorithm: sha256
    value: 2dabdbb9254785f4122165f6ea37a281e92214d4014253028e2861d01f0a866d
  compatibility: {}
  selected:
    at: '2026-08-27'
    by: owner
  trust:
    signed: false
  coordinate: binarya/software_project@2.0.0
  artifact_checksum:
    algorithm: sha256
    value: 252f4615a967bcb3193291eaabcd9aab78649b9d09778c28be18633dcc96d860
