project_vertical_lock:
  schema_version: 1
  vertical_id: software_project
  name: Software Project
  version: 1.0.0
  pack_schema_version: 1
  source:
    type: internal
    resolved_from: p2p_engine.resources.verticals/software_project
    path: src/p2p_engine/resources/verticals/software_project/vertical.yml
    package: p2p_engine
  checksum:
    algorithm: sha256
    value: aa9fd9691890053c2abf390853b920c43b1b29160169f39539ac9f0fc7ad6d67
  compatibility: {}
  selected:
    at: 2026-07-15T12:59:43Z
    by: mrjungle
  trust:
    signed: false
