project_vertical_lock:
  schema_version: 1
  vertical_id: board_game_design
  name: Board Game Design
  version: 1.0.0
  pack_schema_version: 3
  source:
    type: internal
    resolved_from: p2p_engine.resources.verticals/board_game_design
    path: /home/davide/dati/60_lavoro/064_wavek/wavekit_20260719/p2p-engine/src/p2p_engine/resources/verticals/board_game_design/manifest.yml
    package: p2p_engine
  checksum:
    algorithm: sha256
    value: fa0c3691153b8bf95425b0dcbac1fc9d3d5e5db655bf5dcf7f620d3fedd85e28
  compatibility: {}
  selected:
    at: '2026-08-25'
    by: owner
  trust:
    signed: false
  coordinate: binarya/board_game_design@1.0.0
