project_vertical_lock:
  schema_version: 1
  vertical_id: board_game_design
  name: Board Game Design
  version: 1.0.0
  pack_schema_version: 3
  source:
    type: internal
    resolved_from: p2p_engine.resources.verticals/board_game_design
    path: ''
    package: p2p_engine
  checksum:
    algorithm: sha256
    value: fa0c3691153b8bf95425b0dcbac1fc9d3d5e5db655bf5dcf7f620d3fedd85e28
  compatibility: {}
  selected:
    at: '2026-08-27'
    by: owner
  trust:
    signed: false
  coordinate: binarya/board_game_design@1.0.0
  artifact_checksum:
    algorithm: sha256
    value: 4f163e86d8efbe099e96dd0391d59044c454ec8ea28d2aea861dffda68347ba0
